
Microsoft Visual Studio Solution File, Format Version 12.00
# Visual Studio Version 16
VisualStudioVersion = 16.0.28803.452
MinimumVisualStudioVersion = 10.0.40219.1
Project("{FAE04EC0-301F-11D3-BF4B-00C04F79EFBC}") = "TpFinalWeb3", "TpFinalWeb3\TpFinalWeb3.csproj", "{28506DF8-4995-4EA8-A5FC-A16542E7ABA7}"
EndProject
Global
	GlobalSection(SolutionConfigurationPlatforms) = preSolution
		Debug|Any CPU = Debug|Any CPU
		Release|Any CPU = Release|Any CPU
	EndGlobalSection
	GlobalSection(ProjectConfigurationPlatforms) = postSolution
		{28506DF8-4995-4EA8-A5FC-A16542E7ABA7}.Debug|Any CPU.ActiveCfg = Debug|Any CPU
		{28506DF8-4995-4EA8-A5FC-A16542E7ABA7}.Debug|Any CPU.Build.0 = Debug|Any CPU
		{28506DF8-4995-4EA8-A5FC-A16542E7ABA7}.Release|Any CPU.ActiveCfg = Release|Any CPU
		{28506DF8-4995-4EA8-A5FC-A16542E7ABA7}.Release|Any CPU.Build.0 = Release|Any CPU
	EndGlobalSection
	GlobalSection(SolutionProperties) = preSolution
		HideSolutionNode = FALSE
	EndGlobalSection
	GlobalSection(ExtensibilityGlobals) = postSolution
		SolutionGuid = {E7A5336C-15A0-42C7-BE06-5DBD70915317}
	EndGlobalSection
EndGlobal
